
Microsoft Visual Studio Solution File, Format Version 12.00
# Visual Studio 15
VisualStudioVersion = 15.0.26124.0
MinimumVisualStudioVersion = 15.0.26124.0
Project("{2150E333-8FDC-42A3-9474-1A3956D46DE8}") = "src", "src", "{84614420-CD84-4090-8C5C-AE40EE5B9828}"
EndProject
Project("{FAE04EC0-301F-11D3-BF4B-00C04F79EFBC}") = "Company.WebApplication1.Application.MVC", "src\Company.WebApplication1.Application.MVC\Company.WebApplication1.Application.MVC.csproj", "{9A710AD3-0898-4540-A98D-CF4C44923102}"
EndProject
Project("{2150E333-8FDC-42A3-9474-1A3956D46DE8}") = "test", "test", "{946EAB78-1B11-493F-A4A2-135D39C002AD}"
EndProject
Project("{FAE04EC0-301F-11D3-BF4B-00C04F79EFBC}") = "Company.WebApplication1.UnitTests", "test\Company.WebApplication1.UnitTests\Company.WebApplication1.UnitTests.csproj", "{06766E29-065A-459C-AA62-3C7F97E5467A}"
EndProject
Project("{FAE04EC0-301F-11D3-BF4B-00C04F79EFBC}") = "Company.WebApplication1.Core.Command", "src\Company.WebApplication1.Core.Command\Company.WebApplication1.Core.Command.csproj", "{8BB5AA5E-CD33-4314-A910-9384285B9577}"
EndProject
Project("{FAE04EC0-301F-11D3-BF4B-00C04F79EFBC}") = "Company.WebApplication1.Infrastructure.DataAccess", "src\Company.WebApplication1.Infrastructure.DataAccess\Company.WebApplication1.Infrastructure.DataAccess.csproj", "{46846053-0122-4F8C-999A-FBC83B752DF7}"
EndProject
Project("{FAE04EC0-301F-11D3-BF4B-00C04F79EFBC}") = "Company.WebApplication1.Core.Entities", "src\Company.WebApplication1.Core.Entities\Company.WebApplication1.Core.Entities.csproj", "{DED1A414-3FD0-4F10-A0C9-036DC1B3E601}"
EndProject
Project("{FAE04EC0-301F-11D3-BF4B-00C04F79EFBC}") = "Company.WebApplication1.Core.Query", "src\Company.WebApplication1.Core.Query\Company.WebApplication1.Core.Query.csproj", "{CCB48643-5EE0-4C46-BE65-439982C1684F}"
EndProject
Global
	GlobalSection(SolutionConfigurationPlatforms) = preSolution
		Debug|Any CPU = Debug|Any CPU
		Debug|x64 = Debug|x64
		Debug|x86 = Debug|x86
		Release|Any CPU = Release|Any CPU
		Release|x64 = Release|x64
		Release|x86 = Release|x86
	EndGlobalSection
	GlobalSection(SolutionProperties) = preSolution
		HideSolutionNode = FALSE
	EndGlobalSection
	GlobalSection(ProjectConfigurationPlatforms) = postSolution
		{9A710AD3-0898-4540-A98D-CF4C44923102}.Debug|Any CPU.ActiveCfg = Debug|Any CPU
		{9A710AD3-0898-4540-A98D-CF4C44923102}.Debug|Any CPU.Build.0 = Debug|Any CPU
		{9A710AD3-0898-4540-A98D-CF4C44923102}.Debug|x64.ActiveCfg = Debug|x64
		{9A710AD3-0898-4540-A98D-CF4C44923102}.Debug|x64.Build.0 = Debug|x64
		{9A710AD3-0898-4540-A98D-CF4C44923102}.Debug|x86.ActiveCfg = Debug|x86
		{9A710AD3-0898-4540-A98D-CF4C44923102}.Debug|x86.Build.0 = Debug|x86
		{9A710AD3-0898-4540-A98D-CF4C44923102}.Release|Any CPU.ActiveCfg = Release|Any CPU
		{9A710AD3-0898-4540-A98D-CF4C44923102}.Release|Any CPU.Build.0 = Release|Any CPU
		{9A710AD3-0898-4540-A98D-CF4C44923102}.Release|x64.ActiveCfg = Release|x64
		{9A710AD3-0898-4540-A98D-CF4C44923102}.Release|x64.Build.0 = Release|x64
		{9A710AD3-0898-4540-A98D-CF4C44923102}.Release|x86.ActiveCfg = Release|x86
		{9A710AD3-0898-4540-A98D-CF4C44923102}.Release|x86.Build.0 = Release|x86
		{06766E29-065A-459C-AA62-3C7F97E5467A}.Debug|Any CPU.ActiveCfg = Debug|Any CPU
		{06766E29-065A-459C-AA62-3C7F97E5467A}.Debug|Any CPU.Build.0 = Debug|Any CPU
		{06766E29-065A-459C-AA62-3C7F97E5467A}.Debug|x64.ActiveCfg = Debug|x64
		{06766E29-065A-459C-AA62-3C7F97E5467A}.Debug|x64.Build.0 = Debug|x64
		{06766E29-065A-459C-AA62-3C7F97E5467A}.Debug|x86.ActiveCfg = Debug|x86
		{06766E29-065A-459C-AA62-3C7F97E5467A}.Debug|x86.Build.0 = Debug|x86
		{06766E29-065A-459C-AA62-3C7F97E5467A}.Release|Any CPU.ActiveCfg = Release|Any CPU
		{06766E29-065A-459C-AA62-3C7F97E5467A}.Release|Any CPU.Build.0 = Release|Any CPU
		{06766E29-065A-459C-AA62-3C7F97E5467A}.Release|x64.ActiveCfg = Release|x64
		{06766E29-065A-459C-AA62-3C7F97E5467A}.Release|x64.Build.0 = Release|x64
		{06766E29-065A-459C-AA62-3C7F97E5467A}.Release|x86.ActiveCfg = Release|x86
		{06766E29-065A-459C-AA62-3C7F97E5467A}.Release|x86.Build.0 = Release|x86
		{8BB5AA5E-CD33-4314-A910-9384285B9577}.Debug|Any CPU.ActiveCfg = Debug|Any CPU
		{8BB5AA5E-CD33-4314-A910-9384285B9577}.Debug|Any CPU.Build.0 = Debug|Any CPU
		{8BB5AA5E-CD33-4314-A910-9384285B9577}.Debug|x64.ActiveCfg = Debug|x64
		{8BB5AA5E-CD33-4314-A910-9384285B9577}.Debug|x64.Build.0 = Debug|x64
		{8BB5AA5E-CD33-4314-A910-9384285B9577}.Debug|x86.ActiveCfg = Debug|x86
		{8BB5AA5E-CD33-4314-A910-9384285B9577}.Debug|x86.Build.0 = Debug|x86
		{8BB5AA5E-CD33-4314-A910-9384285B9577}.Release|Any CPU.ActiveCfg = Release|Any CPU
		{8BB5AA5E-CD33-4314-A910-9384285B9577}.Release|Any CPU.Build.0 = Release|Any CPU
		{8BB5AA5E-CD33-4314-A910-9384285B9577}.Release|x64.ActiveCfg = Release|x64
		{8BB5AA5E-CD33-4314-A910-9384285B9577}.Release|x64.Build.0 = Release|x64
		{8BB5AA5E-CD33-4314-A910-9384285B9577}.Release|x86.ActiveCfg = Release|x86
		{8BB5AA5E-CD33-4314-A910-9384285B9577}.Release|x86.Build.0 = Release|x86
		{46846053-0122-4F8C-999A-FBC83B752DF7}.Debug|Any CPU.ActiveCfg = Debug|Any CPU
		{46846053-0122-4F8C-999A-FBC83B752DF7}.Debug|Any CPU.Build.0 = Debug|Any CPU
		{46846053-0122-4F8C-999A-FBC83B752DF7}.Debug|x64.ActiveCfg = Debug|x64
		{46846053-0122-4F8C-999A-FBC83B752DF7}.Debug|x64.Build.0 = Debug|x64
		{46846053-0122-4F8C-999A-FBC83B752DF7}.Debug|x86.ActiveCfg = Debug|x86
		{46846053-0122-4F8C-999A-FBC83B752DF7}.Debug|x86.Build.0 = Debug|x86
		{46846053-0122-4F8C-999A-FBC83B752DF7}.Release|Any CPU.ActiveCfg = Release|Any CPU
		{46846053-0122-4F8C-999A-FBC83B752DF7}.Release|Any CPU.Build.0 = Release|Any CPU
		{46846053-0122-4F8C-999A-FBC83B752DF7}.Release|x64.ActiveCfg = Release|x64
		{46846053-0122-4F8C-999A-FBC83B752DF7}.Release|x64.Build.0 = Release|x64
		{46846053-0122-4F8C-999A-FBC83B752DF7}.Release|x86.ActiveCfg = Release|x86
		{46846053-0122-4F8C-999A-FBC83B752DF7}.Release|x86.Build.0 = Release|x86
		{DED1A414-3FD0-4F10-A0C9-036DC1B3E601}.Debug|Any CPU.ActiveCfg = Debug|Any CPU
		{DED1A414-3FD0-4F10-A0C9-036DC1B3E601}.Debug|Any CPU.Build.0 = Debug|Any CPU
		{DED1A414-3FD0-4F10-A0C9-036DC1B3E601}.Debug|x64.ActiveCfg = Debug|x64
		{DED1A414-3FD0-4F10-A0C9-036DC1B3E601}.Debug|x64.Build.0 = Debug|x64
		{DED1A414-3FD0-4F10-A0C9-036DC1B3E601}.Debug|x86.ActiveCfg = Debug|x86
		{DED1A414-3FD0-4F10-A0C9-036DC1B3E601}.Debug|x86.Build.0 = Debug|x86
		{DED1A414-3FD0-4F10-A0C9-036DC1B3E601}.Release|Any CPU.ActiveCfg = Release|Any CPU
		{DED1A414-3FD0-4F10-A0C9-036DC1B3E601}.Release|Any CPU.Build.0 = Release|Any CPU
		{DED1A414-3FD0-4F10-A0C9-036DC1B3E601}.Release|x64.ActiveCfg = Release|x64
		{DED1A414-3FD0-4F10-A0C9-036DC1B3E601}.Release|x64.Build.0 = Release|x64
		{DED1A414-3FD0-4F10-A0C9-036DC1B3E601}.Release|x86.ActiveCfg = Release|x86
		{DED1A414-3FD0-4F10-A0C9-036DC1B3E601}.Release|x86.Build.0 = Release|x86
		{CCB48643-5EE0-4C46-BE65-439982C1684F}.Debug|Any CPU.ActiveCfg = Debug|Any CPU
		{CCB48643-5EE0-4C46-BE65-439982C1684F}.Debug|Any CPU.Build.0 = Debug|Any CPU
		{CCB48643-5EE0-4C46-BE65-439982C1684F}.Debug|x64.ActiveCfg = Debug|x64
		{CCB48643-5EE0-4C46-BE65-439982C1684F}.Debug|x64.Build.0 = Debug|x64
		{CCB48643-5EE0-4C46-BE65-439982C1684F}.Debug|x86.ActiveCfg = Debug|x86
		{CCB48643-5EE0-4C46-BE65-439982C1684F}.Debug|x86.Build.0 = Debug|x86
		{CCB48643-5EE0-4C46-BE65-439982C1684F}.Release|Any CPU.ActiveCfg = Release|Any CPU
		{CCB48643-5EE0-4C46-BE65-439982C1684F}.Release|Any CPU.Build.0 = Release|Any CPU
		{CCB48643-5EE0-4C46-BE65-439982C1684F}.Release|x64.ActiveCfg = Release|x64
		{CCB48643-5EE0-4C46-BE65-439982C1684F}.Release|x64.Build.0 = Release|x64
		{CCB48643-5EE0-4C46-BE65-439982C1684F}.Release|x86.ActiveCfg = Release|x86
		{CCB48643-5EE0-4C46-BE65-439982C1684F}.Release|x86.Build.0 = Release|x86
	EndGlobalSection
	GlobalSection(NestedProjects) = preSolution
		{9A710AD3-0898-4540-A98D-CF4C44923102} = {84614420-CD84-4090-8C5C-AE40EE5B9828}
		{06766E29-065A-459C-AA62-3C7F97E5467A} = {946EAB78-1B11-493F-A4A2-135D39C002AD}
		{8BB5AA5E-CD33-4314-A910-9384285B9577} = {84614420-CD84-4090-8C5C-AE40EE5B9828}
		{46846053-0122-4F8C-999A-FBC83B752DF7} = {84614420-CD84-4090-8C5C-AE40EE5B9828}
		{DED1A414-3FD0-4F10-A0C9-036DC1B3E601} = {84614420-CD84-4090-8C5C-AE40EE5B9828}
		{CCB48643-5EE0-4C46-BE65-439982C1684F} = {84614420-CD84-4090-8C5C-AE40EE5B9828}
	EndGlobalSection
EndGlobal
